
Microsoft Visual Studio Solution File, Format Version 12.00
# Visual Studio Version 17
VisualStudioVersion = 17.7.34009.444
MinimumVisualStudioVersion = 10.0.40219.1
Project("{FAE04EC0-301F-11D3-BF4B-00C04F79EFBC}") = "Elso", "Elso\Elso.csproj", "{EFC83E0E-1089-4F04-A54E-CAFC747BFC22}"
EndProject
Project("{FAE04EC0-301F-11D3-BF4B-00C04F79EFBC}") = "SzamKitalalando", "SzamKitalalando\SzamKitalalando.csproj", "{7A0E66F4-F6C5-4880-9AB8-F7E057B7857A}"
EndProject
Project("{FAE04EC0-301F-11D3-BF4B-00C04F79EFBC}") = "Haromszog", "Haromszog\Haromszog.csproj", "{930CEA1E-A576-4DAB-9A56-B647FE7C5CF0}"
EndProject
Global
	GlobalSection(SolutionConfigurationPlatforms) = preSolution
		Debug|Any CPU = Debug|Any CPU
		Release|Any CPU = Release|Any CPU
	EndGlobalSection
	GlobalSection(ProjectConfigurationPlatforms) = postSolution
		{EFC83E0E-1089-4F04-A54E-CAFC747BFC22}.Debug|Any CPU.ActiveCfg = Debug|Any CPU
		{EFC83E0E-1089-4F04-A54E-CAFC747BFC22}.Debug|Any CPU.Build.0 = Debug|Any CPU
		{EFC83E0E-1089-4F04-A54E-CAFC747BFC22}.Release|Any CPU.ActiveCfg = Release|Any CPU
		{EFC83E0E-1089-4F04-A54E-CAFC747BFC22}.Release|Any CPU.Build.0 = Release|Any CPU
		{7A0E66F4-F6C5-4880-9AB8-F7E057B7857A}.Debug|Any CPU.ActiveCfg = Debug|Any CPU
		{7A0E66F4-F6C5-4880-9AB8-F7E057B7857A}.Debug|Any CPU.Build.0 = Debug|Any CPU
		{7A0E66F4-F6C5-4880-9AB8-F7E057B7857A}.Release|Any CPU.ActiveCfg = Release|Any CPU
		{7A0E66F4-F6C5-4880-9AB8-F7E057B7857A}.Release|Any CPU.Build.0 = Release|Any CPU
		{930CEA1E-A576-4DAB-9A56-B647FE7C5CF0}.Debug|Any CPU.ActiveCfg = Debug|Any CPU
		{930CEA1E-A576-4DAB-9A56-B647FE7C5CF0}.Debug|Any CPU.Build.0 = Debug|Any CPU
		{930CEA1E-A576-4DAB-9A56-B647FE7C5CF0}.Release|Any CPU.ActiveCfg = Release|Any CPU
		{930CEA1E-A576-4DAB-9A56-B647FE7C5CF0}.Release|Any CPU.Build.0 = Release|Any CPU
	EndGlobalSection
	GlobalSection(SolutionProperties) = preSolution
		HideSolutionNode = FALSE
	EndGlobalSection
	GlobalSection(ExtensibilityGlobals) = postSolution
		SolutionGuid = {D0286234-AB8B-4F5D-AEF2-03A71B2F280A}
	EndGlobalSection
EndGlobal
